
Microsoft Visual Studio Solution File, Format Version 12.00
# Visual Studio Version 17
VisualStudioVersion = 17.1.32328.378
MinimumVisualStudioVersion = 10.0.40219.1
Project("{9A19103F-16F7-4668-BE54-9A1E7A4F7556}") = "HY_TOOL", "HY_TOOL\HY_TOOL.csproj", "{D6CC970D-E3DB-48D7-8C1E-943D42F89FC4}"
EndProject
Project("{9A19103F-16F7-4668-BE54-9A1E7A4F7556}") = "Furion.Extras.DatabaseAccessor.SqlSugar", "Furion.Extras.DatabaseAccessor.SqlSugar\Furion.Extras.DatabaseAccessor.SqlSugar.csproj", "{987286AC-7B88-45F2-B194-A6264CCB5EAF}"
EndProject
Global
	GlobalSection(SolutionConfigurationPlatforms) = preSolution
		Debug|Any CPU = Debug|Any CPU
		Release|Any CPU = Release|Any CPU
	EndGlobalSection
	GlobalSection(ProjectConfigurationPlatforms) = postSolution
		{D6CC970D-E3DB-48D7-8C1E-943D42F89FC4}.Debug|Any CPU.ActiveCfg = Debug|Any CPU
		{D6CC970D-E3DB-48D7-8C1E-943D42F89FC4}.Debug|Any CPU.Build.0 = Debug|Any CPU
		{D6CC970D-E3DB-48D7-8C1E-943D42F89FC4}.Release|Any CPU.ActiveCfg = Release|Any CPU
		{D6CC970D-E3DB-48D7-8C1E-943D42F89FC4}.Release|Any CPU.Build.0 = Release|Any CPU
		{987286AC-7B88-45F2-B194-A6264CCB5EAF}.Debug|Any CPU.ActiveCfg = Debug|Any CPU
		{987286AC-7B88-45F2-B194-A6264CCB5EAF}.Debug|Any CPU.Build.0 = Debug|Any CPU
		{987286AC-7B88-45F2-B194-A6264CCB5EAF}.Release|Any CPU.ActiveCfg = Release|Any CPU
		{987286AC-7B88-45F2-B194-A6264CCB5EAF}.Release|Any CPU.Build.0 = Release|Any CPU
	EndGlobalSection
	GlobalSection(SolutionProperties) = preSolution
		HideSolutionNode = FALSE
	EndGlobalSection
	GlobalSection(ExtensibilityGlobals) = postSolution
		SolutionGuid = {5A8547D5-098C-4286-BDF2-0318672F60F6}
	EndGlobalSection
EndGlobal
